// !$*UTF8*$!
{
	archiveVersion = 1;
	classes = {
	};
	objectVersion = 77;
	objects = {

/* Begin PBXContainerItemProxy section */
		5A8F57802D5D83800042A045 /* PBXContainerItemProxy */ = {
			isa = PBXContainerItemProxy;
			containerPortal = 5A8F57662D5D837F0042A045 /* Project object */;
			proxyType = 1;
			remoteGlobalIDString = 5A8F576D2D5D837F0042A045;
			remoteInfo = DiceRollerApp;
		};
		5A8F578A2D5D83800042A045 /* PBXContainerItemProxy */ = {
			isa = PBXContainerItemProxy;
			containerPortal = 5A8F57662D5D837F0042A045 /* Project object */;
			proxyType = 1;
			remoteGlobalIDString = 5A8F576D2D5D837F0042A045;
			remoteInfo = DiceRollerApp;
		};
/* End PBXContainerItemProxy section */

/* Begin PBXFileReference section */
		5A8F576E2D5D837F0042A045 /* ForgotMyDice.app */ = {isa = PBXFileReference; explicitFileType = wrapper.application; includeInIndex = 0; path = ForgotMyDice.app; sourceTree = BUILT_PRODUCTS_DIR; };
		5A8F577F2D5D83800042A045 /* ForgotMyDiceTests.xctest */ = {isa = PBXFileReference; explicitFileType = wrapper.cfbundle; includeInIndex = 0; path = ForgotMyDiceTests.xctest; sourceTree = BUILT_PRODUCTS_DIR; };
		5A8F57892D5D83800042A045 /* ForgotMyDiceUITests.xctest */ = {isa = PBXFileReference; explicitFileType = wrapper.cfbundle; includeInIndex = 0; path = ForgotMyDiceUITests.xctest; sourceTree = BUILT_PRODUCTS_DIR; };
/* End PBXFileReference section */

/* Begin PBXFileSystemSynchronizedBuildFileExceptionSet section */
		5A9DFE702D65524800CB86DB /* Exceptions for "DiceRollerApp" folder in "ForgotMyDiceTests" target */ = {
			isa = PBXFileSystemSynchronizedBuildFileExceptionSet;
			membershipExceptions = (
				"PirataOne-Regular.ttf",
			);
			target = 5A8F577E2D5D83800042A045 /* ForgotMyDiceTests */;
		};
		5A9DFE712D65524800CB86DB /* Exceptions for "DiceRollerApp" folder in "ForgotMyDiceUITests" target */ = {
			isa = PBXFileSystemSynchronizedBuildFileExceptionSet;
			membershipExceptions = (
				"PirataOne-Regular.ttf",
			);
			target = 5A8F57882D5D83800042A045 /* ForgotMyDiceUITests */;
		};
		5A9DFE732D6555B100CB86DB /* Exceptions for "DiceRollerApp" folder in "ForgotMyDice" target */ = {
			isa = PBXFileSystemSynchronizedBuildFileExceptionSet;
			membershipExceptions = (
				Info.plist,
			);
			target = 5A8F576D2D5D837F0042A045 /* ForgotMyDice */;
		};
/* End PBXFileSystemSynchronizedBuildFileExceptionSet section */

/* Begin PBXFileSystemSynchronizedRootGroup section */
		5A8F57702D5D837F0042A045 /* DiceRollerApp */ = {
			isa = PBXFileSystemSynchronizedRootGroup;
			exceptions = (
				5A9DFE732D6555B100CB86DB /* Exceptions for "DiceRollerApp" folder in "ForgotMyDice" target */,
				5A9DFE702D65524800CB86DB /* Exceptions for "DiceRollerApp" folder in "ForgotMyDiceTests" target */,
				5A9DFE712D65524800CB86DB /* Exceptions for "DiceRollerApp" folder in "ForgotMyDiceUITests" target */,
			);
			path = DiceRollerApp;
			sourceTree = "<group>";
		};
		5A8F57822D5D83800042A045 /* DiceRollerAppTests */ = {
			isa = PBXFileSystemSynchronizedRootGroup;
			path = DiceRollerAppTests;
			sourceTree = "<group>";
		};
		5A8F578C2D5D83800042A045 /* DiceRollerAppUITests */ = {
			isa = PBXFileSystemSynchronizedRootGroup;
			path = DiceRollerAppUITests;
			sourceTree = "<group>";
		};
/* End PBXFileSystemSynchronizedRootGroup section */

/* Begin PBXFrameworksBuildPhase section */
		5A8F576B2D5D837F0042A045 /* Frameworks */ = {
			isa = PBXFrameworksBuildPhase;
			buildActionMask = 2147483647;
			files = (
			);
			runOnlyForDeploymentPostprocessing = 0;
		};
		5A8F577C2D5D83800042A045 /* Frameworks */ = {
			isa = PBXFrameworksBuildPhase;
			buildActionMask = 2147483647;
			files = (
			);
			runOnlyForDeploymentPostprocessing = 0;
		};
		5A8F57862D5D83800042A045 /* Frameworks */ = {
			isa = PBXFrameworksBuildPhase;
			buildActionMask = 2147483647;
			files = (
			);
			runOnlyForDeploymentPostprocessing = 0;
		};
/* End PBXFrameworksBuildPhase section */

/* Begin PBXGroup section */
		5A8F57652D5D837F0042A045 = {
			isa = PBXGroup;
			children = (
				5A8F57702D5D837F0042A045 /* DiceRollerApp */,
				5A8F57822D5D83800042A045 /* DiceRollerAppTests */,
				5A8F578C2D5D83800042A045 /* DiceRollerAppUITests */,
				5A8F576F2D5D837F0042A045 /* Products */,
			);
			sourceTree = "<group>";
		};
		5A8F576F2D5D837F0042A045 /* Products */ = {
			isa = PBXGroup;
			children = (
				5A8F576E2D5D837F0042A045 /* ForgotMyDice.app */,
				5A8F577F2D5D83800042A045 /* ForgotMyDiceTests.xctest */,
				5A8F57892D5D83800042A045 /* ForgotMyDiceUITests.xctest */,
			);
			name = Products;
			sourceTree = "<group>";
		};
/* End PBXGroup section */

/* Begin PBXNativeTarget section */
		5A8F576D2D5D837F0042A045 /* ForgotMyDice */ = {
			isa = PBXNativeTarget;
			buildConfigurationList = 5A8F57932D5D83800042A045 /* Build configuration list for PBXNativeTarget "ForgotMyDice" */;
			buildPhases = (
				5A8F576A2D5D837F0042A045 /* Sources */,
				5A8F576B2D5D837F0042A045 /* Frameworks */,
				5A8F576C2D5D837F0042A045 /* Resources */,
			);
			buildRules = (
			);
			dependencies = (
			);
			fileSystemSynchronizedGroups = (
				5A8F57702D5D837F0042A045 /* DiceRollerApp */,
			);
			name = ForgotMyDice;
			packageProductDependencies = (
			);
			productName = DiceRollerApp;
			productReference = 5A8F576E2D5D837F0042A045 /* ForgotMyDice.app */;
			productType = "com.apple.product-type.application";
		};
		5A8F577E2D5D83800042A045 /* ForgotMyDiceTests */ = {
			isa = PBXNativeTarget;
			buildConfigurationList = 5A8F57962D5D83800042A045 /* Build configuration list for PBXNativeTarget "ForgotMyDiceTests" */;
			buildPhases = (
				5A8F577B2D5D83800042A045 /* Sources */,
				5A8F577C2D5D83800042A045 /* Frameworks */,
				5A8F577D2D5D83800042A045 /* Resources */,
			);
			buildRules = (
			);
			dependencies = (
				5A8F57812D5D83800042A045 /* PBXTargetDependency */,
			);
			fileSystemSynchronizedGroups = (
				5A8F57822D5D83800042A045 /* DiceRollerAppTests */,
			);
			name = ForgotMyDiceTests;
			packageProductDependencies = (
			);
			productName = DiceRollerAppTests;
			productReference = 5A8F577F2D5D83800042A045 /* ForgotMyDiceTests.xctest */;
			productType = "com.apple.product-type.bundle.unit-test";
		};
		5A8F57882D5D83800042A045 /* ForgotMyDiceUITests */ = {
			isa = PBXNativeTarget;
			buildConfigurationList = 5A8F57992D5D83800042A045 /* Build configuration list for PBXNativeTarget "ForgotMyDiceUITests" */;
			buildPhases = (
				5A8F57852D5D83800042A045 /* Sources */,
				5A8F57862D5D83800042A045 /* Frameworks */,
				5A8F57872D5D83800042A045 /* Resources */,
			);
			buildRules = (
			);
			dependencies = (
				5A8F578B2D5D83800042A045 /* PBXTargetDependency */,
			);
			fileSystemSynchronizedGroups = (
				5A8F578C2D5D83800042A045 /* DiceRollerAppUITests */,
			);
			name = ForgotMyDiceUITests;
			packageProductDependencies = (
			);
			productName = DiceRollerAppUITests;
			productReference = 5A8F57892D5D83800042A045 /* ForgotMyDiceUITests.xctest */;
			productType = "com.apple.product-type.bundle.ui-testing";
		};
/* End PBXNativeTarget section */

/* Begin PBXProject section */
		5A8F57662D5D837F0042A045 /* Project object */ = {
			isa = PBXProject;
			attributes = {
				BuildIndependentTargetsInParallel = 1;
				LastSwiftUpdateCheck = 1620;
				LastUpgradeCheck = 1620;
				TargetAttributes = {
					5A8F576D2D5D837F0042A045 = {
						CreatedOnToolsVersion = 16.2;
					};
					5A8F577E2D5D83800042A045 = {
						CreatedOnToolsVersion = 16.2;
						TestTargetID = 5A8F576D2D5D837F0042A045;
					};
					5A8F57882D5D83800042A045 = {
						CreatedOnToolsVersion = 16.2;
						TestTargetID = 5A8F576D2D5D837F0042A045;
					};
				};
			};
			buildConfigurationList = 5A8F57692D5D837F0042A045 /* Build configuration list for PBXProject "ForgotMyDice" */;
			developmentRegion = en;
			hasScannedForEncodings = 0;
			knownRegions = (
				en,
				Base,
			);
			mainGroup = 5A8F57652D5D837F0042A045;
			minimizedProjectReferenceProxies = 1;
			preferredProjectObjectVersion = 77;
			productRefGroup = 5A8F576F2D5D837F0042A045 /* Products */;
			projectDirPath = "";
			projectRoot = "";
			targets = (
				5A8F576D2D5D837F0042A045 /* ForgotMyDice */,
				5A8F577E2D5D83800042A045 /* ForgotMyDiceTests */,
				5A8F57882D5D83800042A045 /* ForgotMyDiceUITests */,
			);
		};
/* End PBXProject section */

/* Begin PBXResourcesBuildPhase section */
		5A8F576C2D5D837F0042A045 /* Resources */ = {
			isa = PBXResourcesBuildPhase;
			buildActionMask = 2147483647;
			files = (
			);
			runOnlyForDeploymentPostprocessing = 0;
		};
		5A8F577D2D5D83800042A045 /* Resources */ = {
			isa = PBXResourcesBuildPhase;
			buildActionMask = 2147483647;
			files = (
			);
			runOnlyForDeploymentPostprocessing = 0;
		};
		5A8F57872D5D83800042A045 /* Resources */ = {
			isa = PBXResourcesBuildPhase;
			buildActionMask = 2147483647;
			files = (
			);
			runOnlyForDeploymentPostprocessing = 0;
		};
/* End PBXResourcesBuildPhase section */

/* Begin PBXSourcesBuildPhase section */
		5A8F576A2D5D837F0042A045 /* Sources */ = {
			isa = PBXSourcesBuildPhase;
			buildActionMask = 2147483647;
			files = (
			);
			runOnlyForDeploymentPostprocessing = 0;
		};
		5A8F577B2D5D83800042A045 /* Sources */ = {
			isa = PBXSourcesBuildPhase;
			buildActionMask = 2147483647;
			files = (
			);
			runOnlyForDeploymentPostprocessing = 0;
		};
		5A8F57852D5D83800042A045 /* Sources */ = {
			isa = PBXSourcesBuildPhase;
			buildActionMask = 2147483647;
			files = (
			);
			runOnlyForDeploymentPostprocessing = 0;
		};
/* End PBXSourcesBuildPhase section */

/* Begin PBXTargetDependency section */
		5A8F57812D5D83800042A045 /* PBXTargetDependency */ = {
			isa = PBXTargetDependency;
			target = 5A8F576D2D5D837F0042A045 /* ForgotMyDice */;
			targetProxy = 5A8F57802D5D83800042A045 /* PBXContainerItemProxy */;
		};
		5A8F578B2D5D83800042A045 /* PBXTargetDependency */ = {
			isa = PBXTargetDependency;
			target = 5A8F576D2D5D837F0042A045 /* ForgotMyDice */;
			targetProxy = 5A8F578A2D5D83800042A045 /* PBXContainerItemProxy */;
		};
/* End PBXTargetDependency section */

/* Begin XCBuildConfiguration section */
		5A8F57912D5D83800042A045 /* Debug */ = {
			isa = XCBuildConfiguration;
			buildSettings = {
				ALWAYS_SEARCH_USER_PATHS = NO;
				ASSETCATALOG_COMPILER_GENERATE_SWIFT_ASSET_SYMBOL_EXTENSIONS = YES;
				CLANG_ANALYZER_NONNULL = YES;
				CLANG_ANALYZER_NUMBER_OBJECT_CONVERSION = YES_AGGRESSIVE;
				CLANG_CXX_LANGUAGE_STANDARD = "gnu++20";
				CLANG_ENABLE_MODULES = YES;
				CLANG_ENABLE_OBJC_ARC = YES;
				CLANG_ENABLE_OBJC_WEAK = YES;
				CLANG_WARN_BLOCK_CAPTURE_AUTORELEASING = YES;
				CLANG_WARN_BOOL_CONVERSION = YES;
				CLANG_WARN_COMMA = YES;
				CLANG_WARN_CONSTANT_CONVERSION = YES;
				CLANG_WARN_DEPRECATED_OBJC_IMPLEMENTATIONS = YES;
				CLANG_WARN_DIRECT_OBJC_ISA_USAGE = YES_ERROR;
				CLANG_WARN_DOCUMENTATION_COMMENTS = YES;
				CLANG_WARN_EMPTY_BODY = YES;
				CLANG_WARN_ENUM_CONVERSION = YES;
				CLANG_WARN_INFINITE_RECURSION = YES;
				CLANG_WARN_INT_CONVERSION = YES;
				CLANG_WARN_NON_LITERAL_NULL_CONVERSION = YES;
				CLANG_WARN_OBJC_IMPLICIT_RETAIN_SELF = YES;
				CLANG_WARN_OBJC_LITERAL_CONVERSION = YES;
				CLANG_WARN_OBJC_ROOT_CLASS = YES_ERROR;
				CLANG_WARN_QUOTED_INCLUDE_IN_FRAMEWORK_HEADER = YES;
				CLANG_WARN_RANGE_LOOP_ANALYSIS = YES;
				CLANG_WARN_STRICT_PROTOTYPES = YES;
				CLANG_WARN_SUSPICIOUS_MOVE = YES;
				CLANG_WARN_UNGUARDED_AVAILABILITY = YES_AGGRESSIVE;
				CLANG_WARN_UNREACHABLE_CODE = YES;
				CLANG_WARN__DUPLICATE_METHOD_MATCH = YES;
				COPY_PHASE_STRIP = NO;
				DEBUG_INFORMATION_FORMAT = dwarf;
				ENABLE_STRICT_OBJC_MSGSEND = YES;
				ENABLE_TESTABILITY = YES;
				ENABLE_USER_SCRIPT_SANDBOXING = YES;
				GCC_C_LANGUAGE_STANDARD = gnu17;
				GCC_DYNAMIC_NO_PIC = NO;
				GCC_NO_COMMON_BLOCKS = YES;
				GCC_OPTIMIZATION_LEVEL = 0;
				GCC_PREPROCESSOR_DEFINITIONS = (
					"DEBUG=1",
					"$(inherited)",
				);
				GCC_WARN_64_TO_32_BIT_CONVERSION = YES;
				GCC_WARN_ABOUT_RETURN_TYPE = YES_ERROR;
				GCC_WARN_UNDECLARED_SELECTOR = YES;
				GCC_WARN_UNINITIALIZED_AUTOS = YES_AGGRESSIVE;
				GCC_WARN_UNUSED_FUNCTION = YES;
				GCC_WARN_UNUSED_VARIABLE = YES;
				LOCALIZATION_PREFERS_STRING_CATALOGS = YES;
				MTL_ENABLE_DEBUG_INFO = INCLUDE_SOURCE;
				MTL_FAST_MATH = YES;
				ONLY_ACTIVE_ARCH = YES;
				SWIFT_ACTIVE_COMPILATION_CONDITIONS = "DEBUG $(inherited)";
				SWIFT_OPTIMIZATION_LEVEL = "-Onone";
			};
			name = Debug;
		};
		5A8F57922D5D83800042A045 /* Release */ = {
			isa = XCBuildConfiguration;
			buildSettings = {
				ALWAYS_SEARCH_USER_PATHS = NO;
				ASSETCATALOG_COMPILER_GENERATE_SWIFT_ASSET_SYMBOL_EXTENSIONS = YES;
				CLANG_ANALYZER_NONNULL = YES;
				CLANG_ANALYZER_NUMBER_OBJECT_CONVERSION = YES_AGGRESSIVE;
				CLANG_CXX_LANGUAGE_STANDARD = "gnu++20";
				CLANG_ENABLE_MODULES = YES;
				CLANG_ENABLE_OBJC_ARC = YES;
				CLANG_ENABLE_OBJC_WEAK = YES;
				CLANG_WARN_BLOCK_CAPTURE_AUTORELEASING = YES;
				CLANG_WARN_BOOL_CONVERSION = YES;
				CLANG_WARN_COMMA = YES;
				CLANG_WARN_CONSTANT_CONVERSION = YES;
				CLANG_WARN_DEPRECATED_OBJC_IMPLEMENTATIONS = YES;
				CLANG_WARN_DIRECT_OBJC_ISA_USAGE = YES_ERROR;
				CLANG_WARN_DOCUMENTATION_COMMENTS = YES;
				CLANG_WARN_EMPTY_BODY = YES;
				CLANG_WARN_ENUM_CONVERSION = YES;
				CLANG_WARN_INFINITE_RECURSION = YES;
				CLANG_WARN_INT_CONVERSION = YES;
				CLANG_WARN_NON_LITERAL_NULL_CONVERSION = YES;
				CLANG_WARN_OBJC_IMPLICIT_RETAIN_SELF = YES;
				CLANG_WARN_OBJC_LITERAL_CONVERSION = YES;
				CLANG_WARN_OBJC_ROOT_CLASS = YES_ERROR;
				CLANG_WARN_QUOTED_INCLUDE_IN_FRAMEWORK_HEADER = YES;
				CLANG_WARN_RANGE_LOOP_ANALYSIS = YES;
				CLANG_WARN_STRICT_PROTOTYPES = YES;
				CLANG_WARN_SUSPICIOUS_MOVE = YES;
				CLANG_WARN_UNGUARDED_AVAILABILITY = YES_AGGRESSIVE;
				CLANG_WARN_UNREACHABLE_CODE = YES;
				CLANG_WARN__DUPLICATE_METHOD_MATCH = YES;
				COPY_PHASE_STRIP = NO;
				DEBUG_INFORMATION_FORMAT = "dwarf-with-dsym";
				ENABLE_NS_ASSERTIONS = NO;
				ENABLE_STRICT_OBJC_MSGSEND = YES;
				ENABLE_USER_SCRIPT_SANDBOXING = YES;
				GCC_C_LANGUAGE_STANDARD = gnu17;
				GCC_NO_COMMON_BLOCKS = YES;
				GCC_WARN_64_TO_32_BIT_CONVERSION = YES;
				GCC_WARN_ABOUT_RETURN_TYPE = YES_ERROR;
				GCC_WARN_UNDECLARED_SELECTOR = YES;
				GCC_WARN_UNINITIALIZED_AUTOS = YES_AGGRESSIVE;
				GCC_WARN_UNUSED_FUNCTION = YES;
				GCC_WARN_UNUSED_VARIABLE = YES;
				LOCALIZATION_PREFERS_STRING_CATALOGS = YES;
				MTL_ENABLE_DEBUG_INFO = NO;
				MTL_FAST_MATH = YES;
				SWIFT_COMPILATION_MODE = wholemodule;
			};
			name = Release;
		};
		5A8F57942D5D83800042A045 /* Debug */ = {
			isa = XCBuildConfiguration;
			buildSettings = {
				ASSETCATALOG_COMPILER_APPICON_NAME = AppIcon;
				ASSETCATALOG_COMPILER_GLOBAL_ACCENT_COLOR_NAME = AccentColor;
				CODE_SIGN_ENTITLEMENTS = DiceRollerApp/DiceRollerApp.entitlements;
				CODE_SIGN_STYLE = Automatic;
				CURRENT_PROJECT_VERSION = 1;
				DEVELOPMENT_ASSET_PATHS = "\"DiceRollerApp/Preview Content\"";
				DEVELOPMENT_TEAM = 2M7F9V7MZM;
				ENABLE_HARDENED_RUNTIME = YES;
				ENABLE_PREVIEWS = YES;
				GENERATE_INFOPLIST_FILE = YES;
				INFOPLIST_FILE = DiceRollerApp/Info.plist;
				INFOPLIST_KEY_CFBundleDisplayName = Dice;
				INFOPLIST_KEY_LSApplicationCategoryType = "public.app-category.utilities";
				"INFOPLIST_KEY_UIApplicationSceneManifest_Generation[sdk=iphoneos*]" = YES;
				"INFOPLIST_KEY_UIApplicationSceneManifest_Generation[sdk=iphonesimulator*]" = YES;
				"INFOPLIST_KEY_UIApplicationSupportsIndirectInputEvents[sdk=iphoneos*]" = YES;
				"INFOPLIST_KEY_UIApplicationSupportsIndirectInputEvents[sdk=iphonesimulator*]" = YES;
				"INFOPLIST_KEY_UILaunchScreen_Generation[sdk=iphoneos*]" = YES;
				"INFOPLIST_KEY_UILaunchScreen_Generation[sdk=iphonesimulator*]" = YES;
				"INFOPLIST_KEY_UIStatusBarStyle[sdk=iphoneos*]" = UIStatusBarStyleDefault;
				"INFOPLIST_KEY_UIStatusBarStyle[sdk=iphonesimulator*]" = UIStatusBarStyleDefault;
				INFOPLIST_KEY_UISupportedInterfaceOrientations = UIInterfaceOrientationPortrait;
				INFOPLIST_KEY_UISupportedInterfaceOrientations_iPad = "UIInterfaceOrientationLandscapeLeft UIInterfaceOrientationLandscapeRight UIInterfaceOrientationPortrait UIInterfaceOrientationPortraitUpsideDown";
				IPHONEOS_DEPLOYMENT_TARGET = 15.6;
				LD_RUNPATH_SEARCH_PATHS = "@executable_path/Frameworks";
				"LD_RUNPATH_SEARCH_PATHS[sdk=macosx*]" = "@executable_path/../Frameworks";
				MACOSX_DEPLOYMENT_TARGET = 15.2;
				MARKETING_VERSION = 1.0;
				PRODUCT_BUNDLE_IDENTIFIER = baxo.DiceRollerApp;
				PRODUCT_NAME = "$(TARGET_NAME)";
				SDKROOT = auto;
				SUPPORTED_PLATFORMS = "iphoneos iphonesimulator";
				SUPPORTS_MACCATALYST = NO;
				SWIFT_EMIT_LOC_STRINGS = YES;
				SWIFT_VERSION = 5.0;
				TARGETED_DEVICE_FAMILY = 1;
				XROS_DEPLOYMENT_TARGET = 2.2;
			};
			name = Debug;
		};
		5A8F57952D5D83800042A045 /* Release */ = {
			isa = XCBuildConfiguration;
			buildSettings = {
				ASSETCATALOG_COMPILER_APPICON_NAME = AppIcon;
				ASSETCATALOG_COMPILER_GLOBAL_ACCENT_COLOR_NAME = AccentColor;
				CODE_SIGN_ENTITLEMENTS = DiceRollerApp/DiceRollerApp.entitlements;
				CODE_SIGN_STYLE = Automatic;
				CURRENT_PROJECT_VERSION = 1;
				DEVELOPMENT_ASSET_PATHS = "\"DiceRollerApp/Preview Content\"";
				DEVELOPMENT_TEAM = 2M7F9V7MZM;
				ENABLE_HARDENED_RUNTIME = YES;
				ENABLE_PREVIEWS = YES;
				GENERATE_INFOPLIST_FILE = YES;
				INFOPLIST_FILE = DiceRollerApp/Info.plist;
				INFOPLIST_KEY_CFBundleDisplayName = Dice;
				INFOPLIST_KEY_LSApplicationCategoryType = "public.app-category.utilities";
				"INFOPLIST_KEY_UIApplicationSceneManifest_Generation[sdk=iphoneos*]" = YES;
				"INFOPLIST_KEY_UIApplicationSceneManifest_Generation[sdk=iphonesimulator*]" = YES;
				"INFOPLIST_KEY_UIApplicationSupportsIndirectInputEvents[sdk=iphoneos*]" = YES;
				"INFOPLIST_KEY_UIApplicationSupportsIndirectInputEvents[sdk=iphonesimulator*]" = YES;
				"INFOPLIST_KEY_UILaunchScreen_Generation[sdk=iphoneos*]" = YES;
				"INFOPLIST_KEY_UILaunchScreen_Generation[sdk=iphonesimulator*]" = YES;
				"INFOPLIST_KEY_UIStatusBarStyle[sdk=iphoneos*]" = UIStatusBarStyleDefault;
				"INFOPLIST_KEY_UIStatusBarStyle[sdk=iphonesimulator*]" = UIStatusBarStyleDefault;
				INFOPLIST_KEY_UISupportedInterfaceOrientations = UIInterfaceOrientationPortrait;
				INFOPLIST_KEY_UISupportedInterfaceOrientations_iPad = "UIInterfaceOrientationLandscapeLeft UIInterfaceOrientationLandscapeRight UIInterfaceOrientationPortrait UIInterfaceOrientationPortraitUpsideDown";
				IPHONEOS_DEPLOYMENT_TARGET = 15.6;
				LD_RUNPATH_SEARCH_PATHS = "@executable_path/Frameworks";
				"LD_RUNPATH_SEARCH_PATHS[sdk=macosx*]" = "@executable_path/../Frameworks";
				MACOSX_DEPLOYMENT_TARGET = 15.2;
				MARKETING_VERSION = 1.0;
				PRODUCT_BUNDLE_IDENTIFIER = baxo.DiceRollerApp;
				PRODUCT_NAME = "$(TARGET_NAME)";
				SDKROOT = auto;
				SUPPORTED_PLATFORMS = "iphoneos iphonesimulator";
				SUPPORTS_MACCATALYST = NO;
				SWIFT_EMIT_LOC_STRINGS = YES;
				SWIFT_VERSION = 5.0;
				TARGETED_DEVICE_FAMILY = 1;
				XROS_DEPLOYMENT_TARGET = 2.2;
			};
			name = Release;
		};
		5A8F57972D5D83800042A045 /* Debug */ = {
			isa = XCBuildConfiguration;
			buildSettings = {
				BUNDLE_LOADER = "$(TEST_HOST)";
				CODE_SIGN_STYLE = Automatic;
				CURRENT_PROJECT_VERSION = 1;
				DEVELOPMENT_TEAM = 2M7F9V7MZM;
				GENERATE_INFOPLIST_FILE = YES;
				IPHONEOS_DEPLOYMENT_TARGET = 18.2;
				MACOSX_DEPLOYMENT_TARGET = 15.2;
				MARKETING_VERSION = 1.0;
				PRODUCT_BUNDLE_IDENTIFIER = baxo.DiceRollerAppTests;
				PRODUCT_NAME = "$(TARGET_NAME)";
				SDKROOT = auto;
				SUPPORTED_PLATFORMS = "iphoneos iphonesimulator macosx xros xrsimulator";
				SWIFT_EMIT_LOC_STRINGS = NO;
				SWIFT_VERSION = 5.0;
				TARGETED_DEVICE_FAMILY = "1,2,7";
				TEST_HOST = "$(BUILT_PRODUCTS_DIR)/ForgotMyDice.app/$(BUNDLE_EXECUTABLE_FOLDER_PATH)/ForgotMyDice";
				XROS_DEPLOYMENT_TARGET = 2.2;
			};
			name = Debug;
		};
		5A8F57982D5D83800042A045 /* Release */ = {
			isa = XCBuildConfiguration;
			buildSettings = {
				BUNDLE_LOADER = "$(TEST_HOST)";
				CODE_SIGN_STYLE = Automatic;
				CURRENT_PROJECT_VERSION = 1;
				DEVELOPMENT_TEAM = 2M7F9V7MZM;
				GENERATE_INFOPLIST_FILE = YES;
				IPHONEOS_DEPLOYMENT_TARGET = 18.2;
				MACOSX_DEPLOYMENT_TARGET = 15.2;
				MARKETING_VERSION = 1.0;
				PRODUCT_BUNDLE_IDENTIFIER = baxo.DiceRollerAppTests;
				PRODUCT_NAME = "$(TARGET_NAME)";
				SDKROOT = auto;
				SUPPORTED_PLATFORMS = "iphoneos iphonesimulator macosx xros xrsimulator";
				SWIFT_EMIT_LOC_STRINGS = NO;
				SWIFT_VERSION = 5.0;
				TARGETED_DEVICE_FAMILY = "1,2,7";
				TEST_HOST = "$(BUILT_PRODUCTS_DIR)/ForgotMyDice.app/$(BUNDLE_EXECUTABLE_FOLDER_PATH)/ForgotMyDice";
				XROS_DEPLOYMENT_TARGET = 2.2;
			};
			name = Release;
		};
		5A8F579A2D5D83800042A045 /* Debug */ = {
			isa = XCBuildConfiguration;
			buildSettings = {
				CODE_SIGN_STYLE = Automatic;
				CURRENT_PROJECT_VERSION = 1;
				DEVELOPMENT_TEAM = 2M7F9V7MZM;
				GENERATE_INFOPLIST_FILE = YES;
				IPHONEOS_DEPLOYMENT_TARGET = 18.2;
				MACOSX_DEPLOYMENT_TARGET = 15.2;
				MARKETING_VERSION = 1.0;
				PRODUCT_BUNDLE_IDENTIFIER = baxo.DiceRollerAppUITests;
				PRODUCT_NAME = "$(TARGET_NAME)";
				SDKROOT = auto;
				SUPPORTED_PLATFORMS = "iphoneos iphonesimulator macosx xros xrsimulator";
				SWIFT_EMIT_LOC_STRINGS = NO;
				SWIFT_VERSION = 5.0;
				TARGETED_DEVICE_FAMILY = "1,2,7";
				TEST_TARGET_NAME = DiceRollerApp;
				XROS_DEPLOYMENT_TARGET = 2.2;
			};
			name = Debug;
		};
		5A8F579B2D5D83800042A045 /* Release */ = {
			isa = XCBuildConfiguration;
			buildSettings = {
				CODE_SIGN_STYLE = Automatic;
				CURRENT_PROJECT_VERSION = 1;
				DEVELOPMENT_TEAM = 2M7F9V7MZM;
				GENERATE_INFOPLIST_FILE = YES;
				IPHONEOS_DEPLOYMENT_TARGET = 18.2;
				MACOSX_DEPLOYMENT_TARGET = 15.2;
				MARKETING_VERSION = 1.0;
				PRODUCT_BUNDLE_IDENTIFIER = baxo.DiceRollerAppUITests;
				PRODUCT_NAME = "$(TARGET_NAME)";
				SDKROOT = auto;
				SUPPORTED_PLATFORMS = "iphoneos iphonesimulator macosx xros xrsimulator";
				SWIFT_EMIT_LOC_STRINGS = NO;
				SWIFT_VERSION = 5.0;
				TARGETED_DEVICE_FAMILY = "1,2,7";
				TEST_TARGET_NAME = DiceRollerApp;
				XROS_DEPLOYMENT_TARGET = 2.2;
			};
			name = Release;
		};
/* End XCBuildConfiguration section */

/* Begin XCConfigurationList section */
		5A8F57692D5D837F0042A045 /* Build configuration list for PBXProject "ForgotMyDice" */ = {
			isa = XCConfigurationList;
			buildConfigurations = (
				5A8F57912D5D83800042A045 /* Debug */,
				5A8F57922D5D83800042A045 /* Release */,
			);
			defaultConfigurationIsVisible = 0;
			defaultConfigurationName = Release;
		};
		5A8F57932D5D83800042A045 /* Build configuration list for PBXNativeTarget "ForgotMyDice" */ = {
			isa = XCConfigurationList;
			buildConfigurations = (
				5A8F57942D5D83800042A045 /* Debug */,
				5A8F57952D5D83800042A045 /* Release */,
			);
			defaultConfigurationIsVisible = 0;
			defaultConfigurationName = Release;
		};
		5A8F57962D5D83800042A045 /* Build configuration list for PBXNativeTarget "ForgotMyDiceTests" */ = {
			isa = XCConfigurationList;
			buildConfigurations = (
				5A8F57972D5D83800042A045 /* Debug */,
				5A8F57982D5D83800042A045 /* Release */,
			);
			defaultConfigurationIsVisible = 0;
			defaultConfigurationName = Release;
		};
		5A8F57992D5D83800042A045 /* Build configuration list for PBXNativeTarget "ForgotMyDiceUITests" */ = {
			isa = XCConfigurationList;
			buildConfigurations = (
				5A8F579A2D5D83800042A045 /* Debug */,
				5A8F579B2D5D83800042A045 /* Release */,
			);
			defaultConfigurationIsVisible = 0;
			defaultConfigurationName = Release;
		};
/* End XCConfigurationList section */
	};
	rootObject = 5A8F57662D5D837F0042A045 /* Project object */;
}
